
Microsoft Visual Studio Solution File, Format Version 12.00
# Visual Studio Version 16
VisualStudioVersion = 16.0.30621.155
MinimumVisualStudioVersion = 10.0.40219.1
Project("{8BC9CEB8-8B4A-11D0-8D11-00A0C91BC942}") = "Student", "class_exe\class_exe.vcxproj", "{C50188C7-0E81-4337-8B60-E13EE6313DDF}"
EndProject
Project("{8BC9CEB8-8B4A-11D0-8D11-00A0C91BC942}") = "Circle", "class_2\class_2.vcxproj", "{A2C0ABE3-D8CB-4059-8F35-72455D19AACA}"
EndProject
Project("{8BC9CEB8-8B4A-11D0-8D11-00A0C91BC942}") = "TestObjectCopy", "TestObjectCopy\TestObjectCopy.vcxproj", "{52185DF6-D2B1-41CD-84AE-3C0CD7DD80B4}"
EndProject
Project("{8BC9CEB8-8B4A-11D0-8D11-00A0C91BC942}") = "AnonymousObject", "AnonymousObject\AnonymousObject.vcxproj", "{03D442C0-94D2-443E-8D67-D3F51ABF5FBA}"
EndProject
Project("{8BC9CEB8-8B4A-11D0-8D11-00A0C91BC942}") = "Parse", "Parse\Parse.vcxproj", "{02421BF9-F58A-47C9-B673-41AF96794CE6}"
EndProject
Project("{8BC9CEB8-8B4A-11D0-8D11-00A0C91BC942}") = "ObjectAsArguement", "ObjectAsArguement\ObjectAsArguement.vcxproj", "{E8BE0155-96CA-4050-8F6A-6FC10D162FA8}"
EndProject
Project("{8BC9CEB8-8B4A-11D0-8D11-00A0C91BC942}") = "ObjectAsReturnValue", "ObjectAsReturnValue\ObjectAsReturnValue.vcxproj", "{AD5E45B3-7EFD-4AEF-854D-1642843CB0E7}"
EndProject
Project("{8BC9CEB8-8B4A-11D0-8D11-00A0C91BC942}") = "InClassInitializer", "InClassInitializer\InClassInitializer.vcxproj", "{88EF2139-8B58-4220-BB37-403E5BCB8095}"
EndProject
Project("{8BC9CEB8-8B4A-11D0-8D11-00A0C91BC942}") = "DefaultCtor", "DefaultCtor\DefaultCtor.vcxproj", "{551F9F9C-4251-4B4D-9B2A-188088D5C7D1}"
EndProject
Project("{8BC9CEB8-8B4A-11D0-8D11-00A0C91BC942}") = "OrderMemInit", "OrderMemInit\OrderMemInit.vcxproj", "{2453D0B7-A396-4592-9625-7C7A29217722}"
EndProject
Project("{8BC9CEB8-8B4A-11D0-8D11-00A0C91BC942}") = "TestString", "TestString\TestString.vcxproj", "{7065A2B2-B5A9-4D02-9642-FAFA30F66662}"
EndProject
Project("{8BC9CEB8-8B4A-11D0-8D11-00A0C91BC942}") = "TestArray", "TestArray\TestArray.vcxproj", "{81AA59B7-FB4A-43C3-B5B9-FF94AB09661E}"
EndProject
Project("{8BC9CEB8-8B4A-11D0-8D11-00A0C91BC942}") = "ArrayPractice", "ArrayPractice\ArrayPractice.vcxproj", "{E3929151-A536-4D0A-AE1A-0094BC89F087}"
EndProject
Project("{8BC9CEB8-8B4A-11D0-8D11-00A0C91BC942}") = "Constexpr", "Constexpr\Constexpr.vcxproj", "{8160BAD5-0773-4B99-A733-0595A65D991B}"
EndProject
Project("{8BC9CEB8-8B4A-11D0-8D11-00A0C91BC942}") = "ImmutableObject", "ImmutableObject\ImmutableObject.vcxproj", "{1FDE3B49-8248-49B7-BEBC-2605420FC019}"
EndProject
Project("{8BC9CEB8-8B4A-11D0-8D11-00A0C91BC942}") = "StaticMembers", "StaticMembers\StaticMembers.vcxproj", "{8276C67C-D3D0-43A8-BBAF-C6BCFF1FB403}"
EndProject
Project("{8BC9CEB8-8B4A-11D0-8D11-00A0C91BC942}") = "Destructor", "Destructor\Destructor.vcxproj", "{F5228145-F269-4509-8971-96CF010CDD66}"
EndProject
Project("{8BC9CEB8-8B4A-11D0-8D11-00A0C91BC942}") = "CopyCtor", "CopyCtor\CopyCtor.vcxproj", "{7B40D1E0-74DE-4C29-8B8A-54B82382E1C7}"
EndProject
Project("{8BC9CEB8-8B4A-11D0-8D11-00A0C91BC942}") = "DeepCopy", "DeepCopy\DeepCopy.vcxproj", "{DE4270D2-84BB-4C75-A26A-95327F2ED85B}"
EndProject
Project("{2150E333-8FDC-42A3-9474-1A3956D46DE8}") = "对象和类", "对象和类", "{4C8F0332-CF65-44C0-A3A7-2DCC7CEB9A11}"
EndProject
Project("{8BC9CEB8-8B4A-11D0-8D11-00A0C91BC942}") = "TestVector", "TestVector\TestVector.vcxproj", "{38AD8AA1-5EE5-4185-A371-09A733FEAC18}"
EndProject
Project("{8BC9CEB8-8B4A-11D0-8D11-00A0C91BC942}") = "StackOfIntegers", "StackOfIntegers\StackOfIntegers.vcxproj", "{B0FCCF7B-78D1-413C-B4D5-4FEE1FBC0844}"
EndProject
Project("{8BC9CEB8-8B4A-11D0-8D11-00A0C91BC942}") = "StructuredBinding1", "StructuredBinding1\StructuredBinding1.vcxproj", "{45046C1C-A42B-4EEA-9023-4130057A185F}"
EndProject
Project("{8BC9CEB8-8B4A-11D0-8D11-00A0C91BC942}") = "StructuredBinding2", "StructuredBinding2\StructuredBinding2.vcxproj", "{55A6FEA4-13D1-45E7-BAAE-9D29B965F096}"
EndProject
Project("{2150E333-8FDC-42A3-9474-1A3956D46DE8}") = "Test", "Test", "{D1D9D495-F9F4-412C-86D0-D6F95F77E52C}"
EndProject
Project("{8BC9CEB8-8B4A-11D0-8D11-00A0C91BC942}") = "Test5_1", "Test5_1\Test5_1.vcxproj", "{100E318B-639D-4DF2-8180-39C758EA8CE0}"
EndProject
Project("{8BC9CEB8-8B4A-11D0-8D11-00A0C91BC942}") = "Test5_2", "Test5_2\Test5_2.vcxproj", "{A0804F3B-545A-444C-A19A-0FB6037EF22F}"
EndProject
Project("{2150E333-8FDC-42A3-9474-1A3956D46DE8}") = "继承和多态", "继承和多态", "{6BD978FA-A9DF-46E3-AAF4-D4A1D5A87A47}"
EndProject
Project("{8BC9CEB8-8B4A-11D0-8D11-00A0C91BC942}") = "Inheritance", "Inheritance\Inheritance.vcxproj", "{5654FB57-6959-4203-B92F-EF77F06AB045}"
EndProject
Project("{8BC9CEB8-8B4A-11D0-8D11-00A0C91BC942}") = "BaseClassCtor", "BaseClassCtor\BaseClassCtor.vcxproj", "{3E003891-F6EF-41FE-BAE3-E8E43B2715F3}"
EndProject
Project("{8BC9CEB8-8B4A-11D0-8D11-00A0C91BC942}") = "DefaultBaseClassCtor", "BaseDefaulrCtor\BaseDefaulrCtor.vcxproj", "{A7D3C855-4CD3-42B4-84CC-93A6B1B54C82}"
EndProject
Project("{8BC9CEB8-8B4A-11D0-8D11-00A0C91BC942}") = "CtorChain", "CtorChain\CtorChain.vcxproj", "{29BA7C3F-1922-4573-BC3A-49272E4DAC22}"
EndProject
Project("{8BC9CEB8-8B4A-11D0-8D11-00A0C91BC942}") = "RedefineFunctions", "RedefineFunctions\RedefineFunctions.vcxproj", "{3ED216D4-1D18-4610-AC6E-3343C8535124}"
EndProject
Project("{8BC9CEB8-8B4A-11D0-8D11-00A0C91BC942}") = "Polymorphism", "Polymorphism\Polymorphism.vcxproj", "{2A55A140-FFD7-430D-987E-65D00F3A1B89}"
EndProject
Project("{8BC9CEB8-8B4A-11D0-8D11-00A0C91BC942}") = "AbstractClass", "Accessibility\Accessibility.vcxproj", "{94473CE9-6340-48DD-A402-1DD65C76CC6E}"
EndProject
Project("{8BC9CEB8-8B4A-11D0-8D11-00A0C91BC942}") = "Dynamic_cast", "Dynamic_cast\Dynamic_cast.vcxproj", "{7A6AAA21-4E97-4BE1-8C7F-CDF7ABF3B323}"
EndProject
Project("{8BC9CEB8-8B4A-11D0-8D11-00A0C91BC942}") = "Typeid", "Typeid\Typeid.vcxproj", "{184106D7-FF8F-4C77-8F2D-52DAE6400F25}"
EndProject
Project("{8BC9CEB8-8B4A-11D0-8D11-00A0C91BC942}") = "Test6_1", "Test6_1\Test6_1.vcxproj", "{5E4EB4EE-AEC1-4761-866C-7671DF3778F3}"
EndProject
Project("{8BC9CEB8-8B4A-11D0-8D11-00A0C91BC942}") = "Test6_3", "Test6_3\Test6_3.vcxproj", "{60583BD9-7B42-4E05-8071-321823E787FA}"
EndProject
Project("{2150E333-8FDC-42A3-9474-1A3956D46DE8}") = "文件输入与输出", "文件输入与输出", "{81260CB2-BCD4-4CC6-8408-C9E150842626}"
EndProject
Project("{8BC9CEB8-8B4A-11D0-8D11-00A0C91BC942}") = "CheckPath", "CheckPath\CheckPath.vcxproj", "{5A87683B-EA05-4E84-AA1B-CA9074A78DED}"
EndProject
Project("{8BC9CEB8-8B4A-11D0-8D11-00A0C91BC942}") = "PathQuery", "PathQuery\PathQuery.vcxproj", "{FF017658-8A9C-482E-95A7-F1D77CA80652}"
EndProject
Project("{8BC9CEB8-8B4A-11D0-8D11-00A0C91BC942}") = "PathOperators", "PathOperators\PathOperators.vcxproj", "{1C930D61-22D9-4D05-829F-36B72D4B9D5B}"
EndProject
Project("{8BC9CEB8-8B4A-11D0-8D11-00A0C91BC942}") = "PathSpace", "PathSpace\PathSpace.vcxproj", "{5C4B55F5-A356-40D6-8FC9-1F59C9F6DBB2}"
EndProject
Project("{8BC9CEB8-8B4A-11D0-8D11-00A0C91BC942}") = "BufferedIO", "BufferedIO\BufferedIO.vcxproj", "{10812F42-0D20-4500-922C-27E6B6E8FA00}"
EndProject
Project("{8BC9CEB8-8B4A-11D0-8D11-00A0C91BC942}") = "FileOutput", "FileOutput\FileOutput.vcxproj", "{2E6E90D5-EA43-45D9-B36E-DFBC8EC5E101}"
EndProject
Project("{8BC9CEB8-8B4A-11D0-8D11-00A0C91BC942}") = "FileInput", "FileInput\FileInput.vcxproj", "{D38022C8-220A-4AC6-82AA-792D4476CD00}"
EndProject
Project("{8BC9CEB8-8B4A-11D0-8D11-00A0C91BC942}") = "FileIO", "FileIO\FileIO.vcxproj", "{9170287B-FE5D-4041-A14F-6301DAACFBE4}"
EndProject
Project("{8BC9CEB8-8B4A-11D0-8D11-00A0C91BC942}") = "FormatOutput", "FormatOutput\FormatOutput.vcxproj", "{A9E39625-832C-428A-B6E6-347185C1E865}"
EndProject
Project("{8BC9CEB8-8B4A-11D0-8D11-00A0C91BC942}") = "GetlineDemo", "GetlineDemo\GetlineDemo.vcxproj", "{E1B5DA78-706C-4017-84EB-EADB7DF81D19}"
EndProject
Project("{8BC9CEB8-8B4A-11D0-8D11-00A0C91BC942}") = "FileOpenMode", "FileOpenMode\FileOpenMode.vcxproj", "{F92E3393-6C8C-4DFC-94E8-44A1751F7182}"
EndProject
Project("{8BC9CEB8-8B4A-11D0-8D11-00A0C91BC942}") = "BinaryIO", "BinaryIO\BinaryIO.vcxproj", "{0A132B52-2AE9-4D46-B6BF-ED51E7028676}"
EndProject
Project("{8BC9CEB8-8B4A-11D0-8D11-00A0C91BC942}") = "RandomAccess", "RandomAccess\RandomAccess.vcxproj", "{62E25FF2-4718-4AE1-B671-AA6B3A0E7914}"
EndProject
Project("{8BC9CEB8-8B4A-11D0-8D11-00A0C91BC942}") = "HomeWork", "HomeWork\HomeWork.vcxproj", "{D0DB5E03-5373-441A-BEDB-624A4C0407E4}"
EndProject
Project("{2150E333-8FDC-42A3-9474-1A3956D46DE8}") = "运算符重载", "运算符重载", "{52B7F4AB-C6A4-4C06-8BDE-CF2611ED43AA}"
EndProject
Project("{8BC9CEB8-8B4A-11D0-8D11-00A0C91BC942}") = "Vec2D", "Vec2D\Vec2D.vcxproj", "{53B64564-6FE4-4AD0-931D-9C10123CC4E6}"
EndProject
Project("{8BC9CEB8-8B4A-11D0-8D11-00A0C91BC942}") = "OverloadAssignmentOperator", "OverloadAssignmentOperator\OverloadAssignmentOperator.vcxproj", "{5A307546-2AEC-4AB4-A962-00B96CE822FD}"
EndProject
Project("{8BC9CEB8-8B4A-11D0-8D11-00A0C91BC942}") = "Test8_1", "Test8_1\Test8_1.vcxproj", "{16A66C90-21F1-40A6-8550-2F7CE8CC49B5}"
EndProject
Project("{8BC9CEB8-8B4A-11D0-8D11-00A0C91BC942}") = "Test8_2", "Test8_2\Test8_2.vcxproj", "{1C58E9C6-F455-4167-81C8-8358558E028D}"
EndProject
Global
	GlobalSection(SolutionConfigurationPlatforms) = preSolution
		Debug|x64 = Debug|x64
		Debug|x86 = Debug|x86
		Release|x64 = Release|x64
		Release|x86 = Release|x86
	EndGlobalSection
	GlobalSection(ProjectConfigurationPlatforms) = postSolution
		{C50188C7-0E81-4337-8B60-E13EE6313DDF}.Debug|x64.ActiveCfg = Debug|x64
		{C50188C7-0E81-4337-8B60-E13EE6313DDF}.Debug|x64.Build.0 = Debug|x64
		{C50188C7-0E81-4337-8B60-E13EE6313DDF}.Debug|x86.ActiveCfg = Debug|Win32
		{C50188C7-0E81-4337-8B60-E13EE6313DDF}.Debug|x86.Build.0 = Debug|Win32
		{C50188C7-0E81-4337-8B60-E13EE6313DDF}.Release|x64.ActiveCfg = Release|x64
		{C50188C7-0E81-4337-8B60-E13EE6313DDF}.Release|x64.Build.0 = Release|x64
		{C50188C7-0E81-4337-8B60-E13EE6313DDF}.Release|x86.ActiveCfg = Release|Win32
		{C50188C7-0E81-4337-8B60-E13EE6313DDF}.Release|x86.Build.0 = Release|Win32
		{A2C0ABE3-D8CB-4059-8F35-72455D19AACA}.Debug|x64.ActiveCfg = Debug|x64
		{A2C0ABE3-D8CB-4059-8F35-72455D19AACA}.Debug|x64.Build.0 = Debug|x64
		{A2C0ABE3-D8CB-4059-8F35-72455D19AACA}.Debug|x86.ActiveCfg = Debug|Win32
		{A2C0ABE3-D8CB-4059-8F35-72455D19AACA}.Debug|x86.Build.0 = Debug|Win32
		{A2C0ABE3-D8CB-4059-8F35-72455D19AACA}.Release|x64.ActiveCfg = Release|x64
		{A2C0ABE3-D8CB-4059-8F35-72455D19AACA}.Release|x64.Build.0 = Release|x64
		{A2C0ABE3-D8CB-4059-8F35-72455D19AACA}.Release|x86.ActiveCfg = Release|Win32
		{A2C0ABE3-D8CB-4059-8F35-72455D19AACA}.Release|x86.Build.0 = Release|Win32
		{52185DF6-D2B1-41CD-84AE-3C0CD7DD80B4}.Debug|x64.ActiveCfg = Debug|x64
		{52185DF6-D2B1-41CD-84AE-3C0CD7DD80B4}.Debug|x64.Build.0 = Debug|x64
		{52185DF6-D2B1-41CD-84AE-3C0CD7DD80B4}.Debug|x86.ActiveCfg = Debug|Win32
		{52185DF6-D2B1-41CD-84AE-3C0CD7DD80B4}.Debug|x86.Build.0 = Debug|Win32
		{52185DF6-D2B1-41CD-84AE-3C0CD7DD80B4}.Release|x64.ActiveCfg = Release|x64
		{52185DF6-D2B1-41CD-84AE-3C0CD7DD80B4}.Release|x64.Build.0 = Release|x64
		{52185DF6-D2B1-41CD-84AE-3C0CD7DD80B4}.Release|x86.ActiveCfg = Release|Win32
		{52185DF6-D2B1-41CD-84AE-3C0CD7DD80B4}.Release|x86.Build.0 = Release|Win32
		{03D442C0-94D2-443E-8D67-D3F51ABF5FBA}.Debug|x64.ActiveCfg = Debug|x64
		{03D442C0-94D2-443E-8D67-D3F51ABF5FBA}.Debug|x64.Build.0 = Debug|x64
		{03D442C0-94D2-443E-8D67-D3F51ABF5FBA}.Debug|x86.ActiveCfg = Debug|Win32
		{03D442C0-94D2-443E-8D67-D3F51ABF5FBA}.Debug|x86.Build.0 = Debug|Win32
		{03D442C0-94D2-443E-8D67-D3F51ABF5FBA}.Release|x64.ActiveCfg = Release|x64
		{03D442C0-94D2-443E-8D67-D3F51ABF5FBA}.Release|x64.Build.0 = Release|x64
		{03D442C0-94D2-443E-8D67-D3F51ABF5FBA}.Release|x86.ActiveCfg = Release|Win32
		{03D442C0-94D2-443E-8D67-D3F51ABF5FBA}.Release|x86.Build.0 = Release|Win32
		{02421BF9-F58A-47C9-B673-41AF96794CE6}.Debug|x64.ActiveCfg = Debug|x64
		{02421BF9-F58A-47C9-B673-41AF96794CE6}.Debug|x64.Build.0 = Debug|x64
		{02421BF9-F58A-47C9-B673-41AF96794CE6}.Debug|x86.ActiveCfg = Debug|Win32
		{02421BF9-F58A-47C9-B673-41AF96794CE6}.Debug|x86.Build.0 = Debug|Win32
		{02421BF9-F58A-47C9-B673-41AF96794CE6}.Release|x64.ActiveCfg = Release|x64
		{02421BF9-F58A-47C9-B673-41AF96794CE6}.Release|x64.Build.0 = Release|x64
		{02421BF9-F58A-47C9-B673-41AF96794CE6}.Release|x86.ActiveCfg = Release|Win32
		{02421BF9-F58A-47C9-B673-41AF96794CE6}.Release|x86.Build.0 = Release|Win32
		{E8BE0155-96CA-4050-8F6A-6FC10D162FA8}.Debug|x64.ActiveCfg = Debug|x64
		{E8BE0155-96CA-4050-8F6A-6FC10D162FA8}.Debug|x64.Build.0 = Debug|x64
		{E8BE0155-96CA-4050-8F6A-6FC10D162FA8}.Debug|x86.ActiveCfg = Debug|Win32
		{E8BE0155-96CA-4050-8F6A-6FC10D162FA8}.Debug|x86.Build.0 = Debug|Win32
		{E8BE0155-96CA-4050-8F6A-6FC10D162FA8}.Release|x64.ActiveCfg = Release|x64
		{E8BE0155-96CA-4050-8F6A-6FC10D162FA8}.Release|x64.Build.0 = Release|x64
		{E8BE0155-96CA-4050-8F6A-6FC10D162FA8}.Release|x86.ActiveCfg = Release|Win32
		{E8BE0155-96CA-4050-8F6A-6FC10D162FA8}.Release|x86.Build.0 = Release|Win32
		{AD5E45B3-7EFD-4AEF-854D-1642843CB0E7}.Debug|x64.ActiveCfg = Debug|x64
		{AD5E45B3-7EFD-4AEF-854D-1642843CB0E7}.Debug|x64.Build.0 = Debug|x64
		{AD5E45B3-7EFD-4AEF-854D-1642843CB0E7}.Debug|x86.ActiveCfg = Debug|Win32
		{AD5E45B3-7EFD-4AEF-854D-1642843CB0E7}.Debug|x86.Build.0 = Debug|Win32
		{AD5E45B3-7EFD-4AEF-854D-1642843CB0E7}.Release|x64.ActiveCfg = Release|x64
		{AD5E45B3-7EFD-4AEF-854D-1642843CB0E7}.Release|x64.Build.0 = Release|x64
		{AD5E45B3-7EFD-4AEF-854D-1642843CB0E7}.Release|x86.ActiveCfg = Release|Win32
		{AD5E45B3-7EFD-4AEF-854D-1642843CB0E7}.Release|x86.Build.0 = Release|Win32
		{88EF2139-8B58-4220-BB37-403E5BCB8095}.Debug|x64.ActiveCfg = Debug|x64
		{88EF2139-8B58-4220-BB37-403E5BCB8095}.Debug|x64.Build.0 = Debug|x64
		{88EF2139-8B58-4220-BB37-403E5BCB8095}.Debug|x86.ActiveCfg = Debug|Win32
		{88EF2139-8B58-4220-BB37-403E5BCB8095}.Debug|x86.Build.0 = Debug|Win32
		{88EF2139-8B58-4220-BB37-403E5BCB8095}.Release|x64.ActiveCfg = Release|x64
		{88EF2139-8B58-4220-BB37-403E5BCB8095}.Release|x64.Build.0 = Release|x64
		{88EF2139-8B58-4220-BB37-403E5BCB8095}.Release|x86.ActiveCfg = Release|Win32
		{88EF2139-8B58-4220-BB37-403E5BCB8095}.Release|x86.Build.0 = Release|Win32
		{551F9F9C-4251-4B4D-9B2A-188088D5C7D1}.Debug|x64.ActiveCfg = Debug|x64
		{551F9F9C-4251-4B4D-9B2A-188088D5C7D1}.Debug|x64.Build.0 = Debug|x64
		{551F9F9C-4251-4B4D-9B2A-188088D5C7D1}.Debug|x86.ActiveCfg = Debug|Win32
		{551F9F9C-4251-4B4D-9B2A-188088D5C7D1}.Debug|x86.Build.0 = Debug|Win32
		{551F9F9C-4251-4B4D-9B2A-188088D5C7D1}.Release|x64.ActiveCfg = Release|x64
		{551F9F9C-4251-4B4D-9B2A-188088D5C7D1}.Release|x64.Build.0 = Release|x64
		{551F9F9C-4251-4B4D-9B2A-188088D5C7D1}.Release|x86.ActiveCfg = Release|Win32
		{551F9F9C-4251-4B4D-9B2A-188088D5C7D1}.Release|x86.Build.0 = Release|Win32
		{2453D0B7-A396-4592-9625-7C7A29217722}.Debug|x64.ActiveCfg = Debug|x64
		{2453D0B7-A396-4592-9625-7C7A29217722}.Debug|x64.Build.0 = Debug|x64
		{2453D0B7-A396-4592-9625-7C7A29217722}.Debug|x86.ActiveCfg = Debug|Win32
		{2453D0B7-A396-4592-9625-7C7A29217722}.Debug|x86.Build.0 = Debug|Win32
		{2453D0B7-A396-4592-9625-7C7A29217722}.Release|x64.ActiveCfg = Release|x64
		{2453D0B7-A396-4592-9625-7C7A29217722}.Release|x64.Build.0 = Release|x64
		{2453D0B7-A396-4592-9625-7C7A29217722}.Release|x86.ActiveCfg = Release|Win32
		{2453D0B7-A396-4592-9625-7C7A29217722}.Release|x86.Build.0 = Release|Win32
		{7065A2B2-B5A9-4D02-9642-FAFA30F66662}.Debug|x64.ActiveCfg = Debug|x64
		{7065A2B2-B5A9-4D02-9642-FAFA30F66662}.Debug|x64.Build.0 = Debug|x64
		{7065A2B2-B5A9-4D02-9642-FAFA30F66662}.Debug|x86.ActiveCfg = Debug|Win32
		{7065A2B2-B5A9-4D02-9642-FAFA30F66662}.Debug|x86.Build.0 = Debug|Win32
		{7065A2B2-B5A9-4D02-9642-FAFA30F66662}.Release|x64.ActiveCfg = Release|x64
		{7065A2B2-B5A9-4D02-9642-FAFA30F66662}.Release|x64.Build.0 = Release|x64
		{7065A2B2-B5A9-4D02-9642-FAFA30F66662}.Release|x86.ActiveCfg = Release|Win32
		{7065A2B2-B5A9-4D02-9642-FAFA30F66662}.Release|x86.Build.0 = Release|Win32
		{81AA59B7-FB4A-43C3-B5B9-FF94AB09661E}.Debug|x64.ActiveCfg = Debug|x64
		{81AA59B7-FB4A-43C3-B5B9-FF94AB09661E}.Debug|x64.Build.0 = Debug|x64
		{81AA59B7-FB4A-43C3-B5B9-FF94AB09661E}.Debug|x86.ActiveCfg = Debug|Win32
		{81AA59B7-FB4A-43C3-B5B9-FF94AB09661E}.Debug|x86.Build.0 = Debug|Win32
		{81AA59B7-FB4A-43C3-B5B9-FF94AB09661E}.Release|x64.ActiveCfg = Release|x64
		{81AA59B7-FB4A-43C3-B5B9-FF94AB09661E}.Release|x64.Build.0 = Release|x64
		{81AA59B7-FB4A-43C3-B5B9-FF94AB09661E}.Release|x86.ActiveCfg = Release|Win32
		{81AA59B7-FB4A-43C3-B5B9-FF94AB09661E}.Release|x86.Build.0 = Release|Win32
		{E3929151-A536-4D0A-AE1A-0094BC89F087}.Debug|x64.ActiveCfg = Debug|x64
		{E3929151-A536-4D0A-AE1A-0094BC89F087}.Debug|x64.Build.0 = Debug|x64
		{E3929151-A536-4D0A-AE1A-0094BC89F087}.Debug|x86.ActiveCfg = Debug|Win32
		{E3929151-A536-4D0A-AE1A-0094BC89F087}.Debug|x86.Build.0 = Debug|Win32
		{E3929151-A536-4D0A-AE1A-0094BC89F087}.Release|x64.ActiveCfg = Release|x64
		{E3929151-A536-4D0A-AE1A-0094BC89F087}.Release|x64.Build.0 = Release|x64
		{E3929151-A536-4D0A-AE1A-0094BC89F087}.Release|x86.ActiveCfg = Release|Win32
		{E3929151-A536-4D0A-AE1A-0094BC89F087}.Release|x86.Build.0 = Release|Win32
		{8160BAD5-0773-4B99-A733-0595A65D991B}.Debug|x64.ActiveCfg = Debug|x64
		{8160BAD5-0773-4B99-A733-0595A65D991B}.Debug|x64.Build.0 = Debug|x64
		{8160BAD5-0773-4B99-A733-0595A65D991B}.Debug|x86.ActiveCfg = Debug|Win32
		{8160BAD5-0773-4B99-A733-0595A65D991B}.Debug|x86.Build.0 = Debug|Win32
		{8160BAD5-0773-4B99-A733-0595A65D991B}.Release|x64.ActiveCfg = Release|x64
		{8160BAD5-0773-4B99-A733-0595A65D991B}.Release|x64.Build.0 = Release|x64
		{8160BAD5-0773-4B99-A733-0595A65D991B}.Release|x86.ActiveCfg = Release|Win32
		{8160BAD5-0773-4B99-A733-0595A65D991B}.Release|x86.Build.0 = Release|Win32
		{1FDE3B49-8248-49B7-BEBC-2605420FC019}.Debug|x64.ActiveCfg = Debug|x64
		{1FDE3B49-8248-49B7-BEBC-2605420FC019}.Debug|x64.Build.0 = Debug|x64
		{1FDE3B49-8248-49B7-BEBC-2605420FC019}.Debug|x86.ActiveCfg = Debug|Win32
		{1FDE3B49-8248-49B7-BEBC-2605420FC019}.Debug|x86.Build.0 = Debug|Win32
		{1FDE3B49-8248-49B7-BEBC-2605420FC019}.Release|x64.ActiveCfg = Release|x64
		{1FDE3B49-8248-49B7-BEBC-2605420FC019}.Release|x64.Build.0 = Release|x64
		{1FDE3B49-8248-49B7-BEBC-2605420FC019}.Release|x86.ActiveCfg = Release|Win32
		{1FDE3B49-8248-49B7-BEBC-2605420FC019}.Release|x86.Build.0 = Release|Win32
		{8276C67C-D3D0-43A8-BBAF-C6BCFF1FB403}.Debug|x64.ActiveCfg = Debug|x64
		{8276C67C-D3D0-43A8-BBAF-C6BCFF1FB403}.Debug|x64.Build.0 = Debug|x64
		{8276C67C-D3D0-43A8-BBAF-C6BCFF1FB403}.Debug|x86.ActiveCfg = Debug|Win32
		{8276C67C-D3D0-43A8-BBAF-C6BCFF1FB403}.Debug|x86.Build.0 = Debug|Win32
		{8276C67C-D3D0-43A8-BBAF-C6BCFF1FB403}.Release|x64.ActiveCfg = Release|x64
		{8276C67C-D3D0-43A8-BBAF-C6BCFF1FB403}.Release|x64.Build.0 = Release|x64
		{8276C67C-D3D0-43A8-BBAF-C6BCFF1FB403}.Release|x86.ActiveCfg = Release|Win32
		{8276C67C-D3D0-43A8-BBAF-C6BCFF1FB403}.Release|x86.Build.0 = Release|Win32
		{F5228145-F269-4509-8971-96CF010CDD66}.Debug|x64.ActiveCfg = Debug|x64
		{F5228145-F269-4509-8971-96CF010CDD66}.Debug|x64.Build.0 = Debug|x64
		{F5228145-F269-4509-8971-96CF010CDD66}.Debug|x86.ActiveCfg = Debug|Win32
		{F5228145-F269-4509-8971-96CF010CDD66}.Debug|x86.Build.0 = Debug|Win32
		{F5228145-F269-4509-8971-96CF010CDD66}.Release|x64.ActiveCfg = Release|x64
		{F5228145-F269-4509-8971-96CF010CDD66}.Release|x64.Build.0 = Release|x64
		{F5228145-F269-4509-8971-96CF010CDD66}.Release|x86.ActiveCfg = Release|Win32
		{F5228145-F269-4509-8971-96CF010CDD66}.Release|x86.Build.0 = Release|Win32
		{7B40D1E0-74DE-4C29-8B8A-54B82382E1C7}.Debug|x64.ActiveCfg = Debug|x64
		{7B40D1E0-74DE-4C29-8B8A-54B82382E1C7}.Debug|x64.Build.0 = Debug|x64
		{7B40D1E0-74DE-4C29-8B8A-54B82382E1C7}.Debug|x86.ActiveCfg = Debug|Win32
		{7B40D1E0-74DE-4C29-8B8A-54B82382E1C7}.Debug|x86.Build.0 = Debug|Win32
		{7B40D1E0-74DE-4C29-8B8A-54B82382E1C7}.Release|x64.ActiveCfg = Release|x64
		{7B40D1E0-74DE-4C29-8B8A-54B82382E1C7}.Release|x64.Build.0 = Release|x64
		{7B40D1E0-74DE-4C29-8B8A-54B82382E1C7}.Release|x86.ActiveCfg = Release|Win32
		{7B40D1E0-74DE-4C29-8B8A-54B82382E1C7}.Release|x86.Build.0 = Release|Win32
		{DE4270D2-84BB-4C75-A26A-95327F2ED85B}.Debug|x64.ActiveCfg = Debug|x64
		{DE4270D2-84BB-4C75-A26A-95327F2ED85B}.Debug|x64.Build.0 = Debug|x64
		{DE4270D2-84BB-4C75-A26A-95327F2ED85B}.Debug|x86.ActiveCfg = Debug|Win32
		{DE4270D2-84BB-4C75-A26A-95327F2ED85B}.Debug|x86.Build.0 = Debug|Win32
		{DE4270D2-84BB-4C75-A26A-95327F2ED85B}.Release|x64.ActiveCfg = Release|x64
		{DE4270D2-84BB-4C75-A26A-95327F2ED85B}.Release|x64.Build.0 = Release|x64
		{DE4270D2-84BB-4C75-A26A-95327F2ED85B}.Release|x86.ActiveCfg = Release|Win32
		{DE4270D2-84BB-4C75-A26A-95327F2ED85B}.Release|x86.Build.0 = Release|Win32
		{38AD8AA1-5EE5-4185-A371-09A733FEAC18}.Debug|x64.ActiveCfg = Debug|x64
		{38AD8AA1-5EE5-4185-A371-09A733FEAC18}.Debug|x64.Build.0 = Debug|x64
		{38AD8AA1-5EE5-4185-A371-09A733FEAC18}.Debug|x86.ActiveCfg = Debug|Win32
		{38AD8AA1-5EE5-4185-A371-09A733FEAC18}.Debug|x86.Build.0 = Debug|Win32
		{38AD8AA1-5EE5-4185-A371-09A733FEAC18}.Release|x64.ActiveCfg = Release|x64
		{38AD8AA1-5EE5-4185-A371-09A733FEAC18}.Release|x64.Build.0 = Release|x64
		{38AD8AA1-5EE5-4185-A371-09A733FEAC18}.Release|x86.ActiveCfg = Release|Win32
		{38AD8AA1-5EE5-4185-A371-09A733FEAC18}.Release|x86.Build.0 = Release|Win32
		{B0FCCF7B-78D1-413C-B4D5-4FEE1FBC0844}.Debug|x64.ActiveCfg = Debug|x64
		{B0FCCF7B-78D1-413C-B4D5-4FEE1FBC0844}.Debug|x64.Build.0 = Debug|x64
		{B0FCCF7B-78D1-413C-B4D5-4FEE1FBC0844}.Debug|x86.ActiveCfg = Debug|Win32
		{B0FCCF7B-78D1-413C-B4D5-4FEE1FBC0844}.Debug|x86.Build.0 = Debug|Win32
		{B0FCCF7B-78D1-413C-B4D5-4FEE1FBC0844}.Release|x64.ActiveCfg = Release|x64
		{B0FCCF7B-78D1-413C-B4D5-4FEE1FBC0844}.Release|x64.Build.0 = Release|x64
		{B0FCCF7B-78D1-413C-B4D5-4FEE1FBC0844}.Release|x86.ActiveCfg = Release|Win32
		{B0FCCF7B-78D1-413C-B4D5-4FEE1FBC0844}.Release|x86.Build.0 = Release|Win32
		{45046C1C-A42B-4EEA-9023-4130057A185F}.Debug|x64.ActiveCfg = Debug|x64
		{45046C1C-A42B-4EEA-9023-4130057A185F}.Debug|x64.Build.0 = Debug|x64
		{45046C1C-A42B-4EEA-9023-4130057A185F}.Debug|x86.ActiveCfg = Debug|Win32
		{45046C1C-A42B-4EEA-9023-4130057A185F}.Debug|x86.Build.0 = Debug|Win32
		{45046C1C-A42B-4EEA-9023-4130057A185F}.Release|x64.ActiveCfg = Release|x64
		{45046C1C-A42B-4EEA-9023-4130057A185F}.Release|x64.Build.0 = Release|x64
		{45046C1C-A42B-4EEA-9023-4130057A185F}.Release|x86.ActiveCfg = Release|Win32
		{45046C1C-A42B-4EEA-9023-4130057A185F}.Release|x86.Build.0 = Release|Win32
		{55A6FEA4-13D1-45E7-BAAE-9D29B965F096}.Debug|x64.ActiveCfg = Debug|x64
		{55A6FEA4-13D1-45E7-BAAE-9D29B965F096}.Debug|x64.Build.0 = Debug|x64
		{55A6FEA4-13D1-45E7-BAAE-9D29B965F096}.Debug|x86.ActiveCfg = Debug|Win32
		{55A6FEA4-13D1-45E7-BAAE-9D29B965F096}.Debug|x86.Build.0 = Debug|Win32
		{55A6FEA4-13D1-45E7-BAAE-9D29B965F096}.Release|x64.ActiveCfg = Release|x64
		{55A6FEA4-13D1-45E7-BAAE-9D29B965F096}.Release|x64.Build.0 = Release|x64
		{55A6FEA4-13D1-45E7-BAAE-9D29B965F096}.Release|x86.ActiveCfg = Release|Win32
		{55A6FEA4-13D1-45E7-BAAE-9D29B965F096}.Release|x86.Build.0 = Release|Win32
		{100E318B-639D-4DF2-8180-39C758EA8CE0}.Debug|x64.ActiveCfg = Debug|x64
		{100E318B-639D-4DF2-8180-39C758EA8CE0}.Debug|x64.Build.0 = Debug|x64
		{100E318B-639D-4DF2-8180-39C758EA8CE0}.Debug|x86.ActiveCfg = Debug|Win32
		{100E318B-639D-4DF2-8180-39C758EA8CE0}.Debug|x86.Build.0 = Debug|Win32
		{100E318B-639D-4DF2-8180-39C758EA8CE0}.Release|x64.ActiveCfg = Release|x64
		{100E318B-639D-4DF2-8180-39C758EA8CE0}.Release|x64.Build.0 = Release|x64
		{100E318B-639D-4DF2-8180-39C758EA8CE0}.Release|x86.ActiveCfg = Release|Win32
		{100E318B-639D-4DF2-8180-39C758EA8CE0}.Release|x86.Build.0 = Release|Win32
		{A0804F3B-545A-444C-A19A-0FB6037EF22F}.Debug|x64.ActiveCfg = Debug|x64
		{A0804F3B-545A-444C-A19A-0FB6037EF22F}.Debug|x64.Build.0 = Debug|x64
		{A0804F3B-545A-444C-A19A-0FB6037EF22F}.Debug|x86.ActiveCfg = Debug|Win32
		{A0804F3B-545A-444C-A19A-0FB6037EF22F}.Debug|x86.Build.0 = Debug|Win32
		{A0804F3B-545A-444C-A19A-0FB6037EF22F}.Release|x64.ActiveCfg = Release|x64
		{A0804F3B-545A-444C-A19A-0FB6037EF22F}.Release|x64.Build.0 = Release|x64
		{A0804F3B-545A-444C-A19A-0FB6037EF22F}.Release|x86.ActiveCfg = Release|Win32
		{A0804F3B-545A-444C-A19A-0FB6037EF22F}.Release|x86.Build.0 = Release|Win32
		{5654FB57-6959-4203-B92F-EF77F06AB045}.Debug|x64.ActiveCfg = Debug|x64
		{5654FB57-6959-4203-B92F-EF77F06AB045}.Debug|x64.Build.0 = Debug|x64
		{5654FB57-6959-4203-B92F-EF77F06AB045}.Debug|x86.ActiveCfg = Debug|Win32
		{5654FB57-6959-4203-B92F-EF77F06AB045}.Debug|x86.Build.0 = Debug|Win32
		{5654FB57-6959-4203-B92F-EF77F06AB045}.Release|x64.ActiveCfg = Release|x64
		{5654FB57-6959-4203-B92F-EF77F06AB045}.Release|x64.Build.0 = Release|x64
		{5654FB57-6959-4203-B92F-EF77F06AB045}.Release|x86.ActiveCfg = Release|Win32
		{5654FB57-6959-4203-B92F-EF77F06AB045}.Release|x86.Build.0 = Release|Win32
		{3E003891-F6EF-41FE-BAE3-E8E43B2715F3}.Debug|x64.ActiveCfg = Debug|x64
		{3E003891-F6EF-41FE-BAE3-E8E43B2715F3}.Debug|x64.Build.0 = Debug|x64
		{3E003891-F6EF-41FE-BAE3-E8E43B2715F3}.Debug|x86.ActiveCfg = Debug|Win32
		{3E003891-F6EF-41FE-BAE3-E8E43B2715F3}.Debug|x86.Build.0 = Debug|Win32
		{3E003891-F6EF-41FE-BAE3-E8E43B2715F3}.Release|x64.ActiveCfg = Release|x64
		{3E003891-F6EF-41FE-BAE3-E8E43B2715F3}.Release|x64.Build.0 = Release|x64
		{3E003891-F6EF-41FE-BAE3-E8E43B2715F3}.Release|x86.ActiveCfg = Release|Win32
		{3E003891-F6EF-41FE-BAE3-E8E43B2715F3}.Release|x86.Build.0 = Release|Win32
		{A7D3C855-4CD3-42B4-84CC-93A6B1B54C82}.Debug|x64.ActiveCfg = Debug|x64
		{A7D3C855-4CD3-42B4-84CC-93A6B1B54C82}.Debug|x64.Build.0 = Debug|x64
		{A7D3C855-4CD3-42B4-84CC-93A6B1B54C82}.Debug|x86.ActiveCfg = Debug|Win32
		{A7D3C855-4CD3-42B4-84CC-93A6B1B54C82}.Debug|x86.Build.0 = Debug|Win32
		{A7D3C855-4CD3-42B4-84CC-93A6B1B54C82}.Release|x64.ActiveCfg = Release|x64
		{A7D3C855-4CD3-42B4-84CC-93A6B1B54C82}.Release|x64.Build.0 = Release|x64
		{A7D3C855-4CD3-42B4-84CC-93A6B1B54C82}.Release|x86.ActiveCfg = Release|Win32
		{A7D3C855-4CD3-42B4-84CC-93A6B1B54C82}.Release|x86.Build.0 = Release|Win32
		{29BA7C3F-1922-4573-BC3A-49272E4DAC22}.Debug|x64.ActiveCfg = Debug|x64
		{29BA7C3F-1922-4573-BC3A-49272E4DAC22}.Debug|x64.Build.0 = Debug|x64
		{29BA7C3F-1922-4573-BC3A-49272E4DAC22}.Debug|x86.ActiveCfg = Debug|Win32
		{29BA7C3F-1922-4573-BC3A-49272E4DAC22}.Debug|x86.Build.0 = Debug|Win32
		{29BA7C3F-1922-4573-BC3A-49272E4DAC22}.Release|x64.ActiveCfg = Release|x64
		{29BA7C3F-1922-4573-BC3A-49272E4DAC22}.Release|x64.Build.0 = Release|x64
		{29BA7C3F-1922-4573-BC3A-49272E4DAC22}.Release|x86.ActiveCfg = Release|Win32
		{29BA7C3F-1922-4573-BC3A-49272E4DAC22}.Release|x86.Build.0 = Release|Win32
		{3ED216D4-1D18-4610-AC6E-3343C8535124}.Debug|x64.ActiveCfg = Debug|x64
		{3ED216D4-1D18-4610-AC6E-3343C8535124}.Debug|x64.Build.0 = Debug|x64
		{3ED216D4-1D18-4610-AC6E-3343C8535124}.Debug|x86.ActiveCfg = Debug|Win32
		{3ED216D4-1D18-4610-AC6E-3343C8535124}.Debug|x86.Build.0 = Debug|Win32
		{3ED216D4-1D18-4610-AC6E-3343C8535124}.Release|x64.ActiveCfg = Release|x64
		{3ED216D4-1D18-4610-AC6E-3343C8535124}.Release|x64.Build.0 = Release|x64
		{3ED216D4-1D18-4610-AC6E-3343C8535124}.Release|x86.ActiveCfg = Release|Win32
		{3ED216D4-1D18-4610-AC6E-3343C8535124}.Release|x86.Build.0 = Release|Win32
		{2A55A140-FFD7-430D-987E-65D00F3A1B89}.Debug|x64.ActiveCfg = Debug|x64
		{2A55A140-FFD7-430D-987E-65D00F3A1B89}.Debug|x64.Build.0 = Debug|x64
		{2A55A140-FFD7-430D-987E-65D00F3A1B89}.Debug|x86.ActiveCfg = Debug|Win32
		{2A55A140-FFD7-430D-987E-65D00F3A1B89}.Debug|x86.Build.0 = Debug|Win32
		{2A55A140-FFD7-430D-987E-65D00F3A1B89}.Release|x64.ActiveCfg = Release|x64
		{2A55A140-FFD7-430D-987E-65D00F3A1B89}.Release|x64.Build.0 = Release|x64
		{2A55A140-FFD7-430D-987E-65D00F3A1B89}.Release|x86.ActiveCfg = Release|Win32
		{2A55A140-FFD7-430D-987E-65D00F3A1B89}.Release|x86.Build.0 = Release|Win32
		{94473CE9-6340-48DD-A402-1DD65C76CC6E}.Debug|x64.ActiveCfg = Debug|x64
		{94473CE9-6340-48DD-A402-1DD65C76CC6E}.Debug|x64.Build.0 = Debug|x64
		{94473CE9-6340-48DD-A402-1DD65C76CC6E}.Debug|x86.ActiveCfg = Debug|Win32
		{94473CE9-6340-48DD-A402-1DD65C76CC6E}.Debug|x86.Build.0 = Debug|Win32
		{94473CE9-6340-48DD-A402-1DD65C76CC6E}.Release|x64.ActiveCfg = Release|x64
		{94473CE9-6340-48DD-A402-1DD65C76CC6E}.Release|x64.Build.0 = Release|x64
		{94473CE9-6340-48DD-A402-1DD65C76CC6E}.Release|x86.ActiveCfg = Release|Win32
		{94473CE9-6340-48DD-A402-1DD65C76CC6E}.Release|x86.Build.0 = Release|Win32
		{7A6AAA21-4E97-4BE1-8C7F-CDF7ABF3B323}.Debug|x64.ActiveCfg = Debug|x64
		{7A6AAA21-4E97-4BE1-8C7F-CDF7ABF3B323}.Debug|x64.Build.0 = Debug|x64
		{7A6AAA21-4E97-4BE1-8C7F-CDF7ABF3B323}.Debug|x86.ActiveCfg = Debug|Win32
		{7A6AAA21-4E97-4BE1-8C7F-CDF7ABF3B323}.Debug|x86.Build.0 = Debug|Win32
		{7A6AAA21-4E97-4BE1-8C7F-CDF7ABF3B323}.Release|x64.ActiveCfg = Release|x64
		{7A6AAA21-4E97-4BE1-8C7F-CDF7ABF3B323}.Release|x64.Build.0 = Release|x64
		{7A6AAA21-4E97-4BE1-8C7F-CDF7ABF3B323}.Release|x86.ActiveCfg = Release|Win32
		{7A6AAA21-4E97-4BE1-8C7F-CDF7ABF3B323}.Release|x86.Build.0 = Release|Win32
		{184106D7-FF8F-4C77-8F2D-52DAE6400F25}.Debug|x64.ActiveCfg = Debug|x64
		{184106D7-FF8F-4C77-8F2D-52DAE6400F25}.Debug|x64.Build.0 = Debug|x64
		{184106D7-FF8F-4C77-8F2D-52DAE6400F25}.Debug|x86.ActiveCfg = Debug|Win32
		{184106D7-FF8F-4C77-8F2D-52DAE6400F25}.Debug|x86.Build.0 = Debug|Win32
		{184106D7-FF8F-4C77-8F2D-52DAE6400F25}.Release|x64.ActiveCfg = Release|x64
		{184106D7-FF8F-4C77-8F2D-52DAE6400F25}.Release|x64.Build.0 = Release|x64
		{184106D7-FF8F-4C77-8F2D-52DAE6400F25}.Release|x86.ActiveCfg = Release|Win32
		{184106D7-FF8F-4C77-8F2D-52DAE6400F25}.Release|x86.Build.0 = Release|Win32
		{5E4EB4EE-AEC1-4761-866C-7671DF3778F3}.Debug|x64.ActiveCfg = Debug|x64
		{5E4EB4EE-AEC1-4761-866C-7671DF3778F3}.Debug|x64.Build.0 = Debug|x64
		{5E4EB4EE-AEC1-4761-866C-7671DF3778F3}.Debug|x86.ActiveCfg = Debug|Win32
		{5E4EB4EE-AEC1-4761-866C-7671DF3778F3}.Debug|x86.Build.0 = Debug|Win32
		{5E4EB4EE-AEC1-4761-866C-7671DF3778F3}.Release|x64.ActiveCfg = Release|x64
		{5E4EB4EE-AEC1-4761-866C-7671DF3778F3}.Release|x64.Build.0 = Release|x64
		{5E4EB4EE-AEC1-4761-866C-7671DF3778F3}.Release|x86.ActiveCfg = Release|Win32
		{5E4EB4EE-AEC1-4761-866C-7671DF3778F3}.Release|x86.Build.0 = Release|Win32
		{60583BD9-7B42-4E05-8071-321823E787FA}.Debug|x64.ActiveCfg = Debug|x64
		{60583BD9-7B42-4E05-8071-321823E787FA}.Debug|x64.Build.0 = Debug|x64
		{60583BD9-7B42-4E05-8071-321823E787FA}.Debug|x86.ActiveCfg = Debug|Win32
		{60583BD9-7B42-4E05-8071-321823E787FA}.Debug|x86.Build.0 = Debug|Win32
		{60583BD9-7B42-4E05-8071-321823E787FA}.Release|x64.ActiveCfg = Release|x64
		{60583BD9-7B42-4E05-8071-321823E787FA}.Release|x64.Build.0 = Release|x64
		{60583BD9-7B42-4E05-8071-321823E787FA}.Release|x86.ActiveCfg = Release|Win32
		{60583BD9-7B42-4E05-8071-321823E787FA}.Release|x86.Build.0 = Release|Win32
		{5A87683B-EA05-4E84-AA1B-CA9074A78DED}.Debug|x64.ActiveCfg = Debug|x64
		{5A87683B-EA05-4E84-AA1B-CA9074A78DED}.Debug|x64.Build.0 = Debug|x64
		{5A87683B-EA05-4E84-AA1B-CA9074A78DED}.Debug|x86.ActiveCfg = Debug|Win32
		{5A87683B-EA05-4E84-AA1B-CA9074A78DED}.Debug|x86.Build.0 = Debug|Win32
		{5A87683B-EA05-4E84-AA1B-CA9074A78DED}.Release|x64.ActiveCfg = Release|x64
		{5A87683B-EA05-4E84-AA1B-CA9074A78DED}.Release|x64.Build.0 = Release|x64
		{5A87683B-EA05-4E84-AA1B-CA9074A78DED}.Release|x86.ActiveCfg = Release|Win32
		{5A87683B-EA05-4E84-AA1B-CA9074A78DED}.Release|x86.Build.0 = Release|Win32
		{FF017658-8A9C-482E-95A7-F1D77CA80652}.Debug|x64.ActiveCfg = Debug|x64
		{FF017658-8A9C-482E-95A7-F1D77CA80652}.Debug|x64.Build.0 = Debug|x64
		{FF017658-8A9C-482E-95A7-F1D77CA80652}.Debug|x86.ActiveCfg = Debug|Win32
		{FF017658-8A9C-482E-95A7-F1D77CA80652}.Debug|x86.Build.0 = Debug|Win32
		{FF017658-8A9C-482E-95A7-F1D77CA80652}.Release|x64.ActiveCfg = Release|x64
		{FF017658-8A9C-482E-95A7-F1D77CA80652}.Release|x64.Build.0 = Release|x64
		{FF017658-8A9C-482E-95A7-F1D77CA80652}.Release|x86.ActiveCfg = Release|Win32
		{FF017658-8A9C-482E-95A7-F1D77CA80652}.Release|x86.Build.0 = Release|Win32
		{1C930D61-22D9-4D05-829F-36B72D4B9D5B}.Debug|x64.ActiveCfg = Debug|x64
		{1C930D61-22D9-4D05-829F-36B72D4B9D5B}.Debug|x64.Build.0 = Debug|x64
		{1C930D61-22D9-4D05-829F-36B72D4B9D5B}.Debug|x86.ActiveCfg = Debug|Win32
		{1C930D61-22D9-4D05-829F-36B72D4B9D5B}.Debug|x86.Build.0 = Debug|Win32
		{1C930D61-22D9-4D05-829F-36B72D4B9D5B}.Release|x64.ActiveCfg = Release|x64
		{1C930D61-22D9-4D05-829F-36B72D4B9D5B}.Release|x64.Build.0 = Release|x64
		{1C930D61-22D9-4D05-829F-36B72D4B9D5B}.Release|x86.ActiveCfg = Release|Win32
		{1C930D61-22D9-4D05-829F-36B72D4B9D5B}.Release|x86.Build.0 = Release|Win32
		{5C4B55F5-A356-40D6-8FC9-1F59C9F6DBB2}.Debug|x64.ActiveCfg = Debug|x64
		{5C4B55F5-A356-40D6-8FC9-1F59C9F6DBB2}.Debug|x64.Build.0 = Debug|x64
		{5C4B55F5-A356-40D6-8FC9-1F59C9F6DBB2}.Debug|x86.ActiveCfg = Debug|Win32
		{5C4B55F5-A356-40D6-8FC9-1F59C9F6DBB2}.Debug|x86.Build.0 = Debug|Win32
		{5C4B55F5-A356-40D6-8FC9-1F59C9F6DBB2}.Release|x64.ActiveCfg = Release|x64
		{5C4B55F5-A356-40D6-8FC9-1F59C9F6DBB2}.Release|x64.Build.0 = Release|x64
		{5C4B55F5-A356-40D6-8FC9-1F59C9F6DBB2}.Release|x86.ActiveCfg = Release|Win32
		{5C4B55F5-A356-40D6-8FC9-1F59C9F6DBB2}.Release|x86.Build.0 = Release|Win32
		{10812F42-0D20-4500-922C-27E6B6E8FA00}.Debug|x64.ActiveCfg = Debug|x64
		{10812F42-0D20-4500-922C-27E6B6E8FA00}.Debug|x64.Build.0 = Debug|x64
		{10812F42-0D20-4500-922C-27E6B6E8FA00}.Debug|x86.ActiveCfg = Debug|Win32
		{10812F42-0D20-4500-922C-27E6B6E8FA00}.Debug|x86.Build.0 = Debug|Win32
		{10812F42-0D20-4500-922C-27E6B6E8FA00}.Release|x64.ActiveCfg = Release|x64
		{10812F42-0D20-4500-922C-27E6B6E8FA00}.Release|x64.Build.0 = Release|x64
		{10812F42-0D20-4500-922C-27E6B6E8FA00}.Release|x86.ActiveCfg = Release|Win32
		{10812F42-0D20-4500-922C-27E6B6E8FA00}.Release|x86.Build.0 = Release|Win32
		{2E6E90D5-EA43-45D9-B36E-DFBC8EC5E101}.Debug|x64.ActiveCfg = Debug|x64
		{2E6E90D5-EA43-45D9-B36E-DFBC8EC5E101}.Debug|x64.Build.0 = Debug|x64
		{2E6E90D5-EA43-45D9-B36E-DFBC8EC5E101}.Debug|x86.ActiveCfg = Debug|Win32
		{2E6E90D5-EA43-45D9-B36E-DFBC8EC5E101}.Debug|x86.Build.0 = Debug|Win32
		{2E6E90D5-EA43-45D9-B36E-DFBC8EC5E101}.Release|x64.ActiveCfg = Release|x64
		{2E6E90D5-EA43-45D9-B36E-DFBC8EC5E101}.Release|x64.Build.0 = Release|x64
		{2E6E90D5-EA43-45D9-B36E-DFBC8EC5E101}.Release|x86.ActiveCfg = Release|Win32
		{2E6E90D5-EA43-45D9-B36E-DFBC8EC5E101}.Release|x86.Build.0 = Release|Win32
		{D38022C8-220A-4AC6-82AA-792D4476CD00}.Debug|x64.ActiveCfg = Debug|x64
		{D38022C8-220A-4AC6-82AA-792D4476CD00}.Debug|x64.Build.0 = Debug|x64
		{D38022C8-220A-4AC6-82AA-792D4476CD00}.Debug|x86.ActiveCfg = Debug|Win32
		{D38022C8-220A-4AC6-82AA-792D4476CD00}.Debug|x86.Build.0 = Debug|Win32
		{D38022C8-220A-4AC6-82AA-792D4476CD00}.Release|x64.ActiveCfg = Release|x64
		{D38022C8-220A-4AC6-82AA-792D4476CD00}.Release|x64.Build.0 = Release|x64
		{D38022C8-220A-4AC6-82AA-792D4476CD00}.Release|x86.ActiveCfg = Release|Win32
		{D38022C8-220A-4AC6-82AA-792D4476CD00}.Release|x86.Build.0 = Release|Win32
		{9170287B-FE5D-4041-A14F-6301DAACFBE4}.Debug|x64.ActiveCfg = Debug|x64
		{9170287B-FE5D-4041-A14F-6301DAACFBE4}.Debug|x64.Build.0 = Debug|x64
		{9170287B-FE5D-4041-A14F-6301DAACFBE4}.Debug|x86.ActiveCfg = Debug|Win32
		{9170287B-FE5D-4041-A14F-6301DAACFBE4}.Debug|x86.Build.0 = Debug|Win32
		{9170287B-FE5D-4041-A14F-6301DAACFBE4}.Release|x64.ActiveCfg = Release|x64
		{9170287B-FE5D-4041-A14F-6301DAACFBE4}.Release|x64.Build.0 = Release|x64
		{9170287B-FE5D-4041-A14F-6301DAACFBE4}.Release|x86.ActiveCfg = Release|Win32
		{9170287B-FE5D-4041-A14F-6301DAACFBE4}.Release|x86.Build.0 = Release|Win32
		{A9E39625-832C-428A-B6E6-347185C1E865}.Debug|x64.ActiveCfg = Debug|x64
		{A9E39625-832C-428A-B6E6-347185C1E865}.Debug|x64.Build.0 = Debug|x64
		{A9E39625-832C-428A-B6E6-347185C1E865}.Debug|x86.ActiveCfg = Debug|Win32
		{A9E39625-832C-428A-B6E6-347185C1E865}.Debug|x86.Build.0 = Debug|Win32
		{A9E39625-832C-428A-B6E6-347185C1E865}.Release|x64.ActiveCfg = Release|x64
		{A9E39625-832C-428A-B6E6-347185C1E865}.Release|x64.Build.0 = Release|x64
		{A9E39625-832C-428A-B6E6-347185C1E865}.Release|x86.ActiveCfg = Release|Win32
		{A9E39625-832C-428A-B6E6-347185C1E865}.Release|x86.Build.0 = Release|Win32
		{E1B5DA78-706C-4017-84EB-EADB7DF81D19}.Debug|x64.ActiveCfg = Debug|x64
		{E1B5DA78-706C-4017-84EB-EADB7DF81D19}.Debug|x64.Build.0 = Debug|x64
		{E1B5DA78-706C-4017-84EB-EADB7DF81D19}.Debug|x86.ActiveCfg = Debug|Win32
		{E1B5DA78-706C-4017-84EB-EADB7DF81D19}.Debug|x86.Build.0 = Debug|Win32
		{E1B5DA78-706C-4017-84EB-EADB7DF81D19}.Release|x64.ActiveCfg = Release|x64
		{E1B5DA78-706C-4017-84EB-EADB7DF81D19}.Release|x64.Build.0 = Release|x64
		{E1B5DA78-706C-4017-84EB-EADB7DF81D19}.Release|x86.ActiveCfg = Release|Win32
		{E1B5DA78-706C-4017-84EB-EADB7DF81D19}.Release|x86.Build.0 = Release|Win32
		{F92E3393-6C8C-4DFC-94E8-44A1751F7182}.Debug|x64.ActiveCfg = Debug|x64
		{F92E3393-6C8C-4DFC-94E8-44A1751F7182}.Debug|x64.Build.0 = Debug|x64
		{F92E3393-6C8C-4DFC-94E8-44A1751F7182}.Debug|x86.ActiveCfg = Debug|Win32
		{F92E3393-6C8C-4DFC-94E8-44A1751F7182}.Debug|x86.Build.0 = Debug|Win32
		{F92E3393-6C8C-4DFC-94E8-44A1751F7182}.Release|x64.ActiveCfg = Release|x64
		{F92E3393-6C8C-4DFC-94E8-44A1751F7182}.Release|x64.Build.0 = Release|x64
		{F92E3393-6C8C-4DFC-94E8-44A1751F7182}.Release|x86.ActiveCfg = Release|Win32
		{F92E3393-6C8C-4DFC-94E8-44A1751F7182}.Release|x86.Build.0 = Release|Win32
		{0A132B52-2AE9-4D46-B6BF-ED51E7028676}.Debug|x64.ActiveCfg = Debug|x64
		{0A132B52-2AE9-4D46-B6BF-ED51E7028676}.Debug|x64.Build.0 = Debug|x64
		{0A132B52-2AE9-4D46-B6BF-ED51E7028676}.Debug|x86.ActiveCfg = Debug|Win32
		{0A132B52-2AE9-4D46-B6BF-ED51E7028676}.Debug|x86.Build.0 = Debug|Win32
		{0A132B52-2AE9-4D46-B6BF-ED51E7028676}.Release|x64.ActiveCfg = Release|x64
		{0A132B52-2AE9-4D46-B6BF-ED51E7028676}.Release|x64.Build.0 = Release|x64
		{0A132B52-2AE9-4D46-B6BF-ED51E7028676}.Release|x86.ActiveCfg = Release|Win32
		{0A132B52-2AE9-4D46-B6BF-ED51E7028676}.Release|x86.Build.0 = Release|Win32
		{62E25FF2-4718-4AE1-B671-AA6B3A0E7914}.Debug|x64.ActiveCfg = Debug|x64
		{62E25FF2-4718-4AE1-B671-AA6B3A0E7914}.Debug|x64.Build.0 = Debug|x64
		{62E25FF2-4718-4AE1-B671-AA6B3A0E7914}.Debug|x86.ActiveCfg = Debug|Win32
		{62E25FF2-4718-4AE1-B671-AA6B3A0E7914}.Debug|x86.Build.0 = Debug|Win32
		{62E25FF2-4718-4AE1-B671-AA6B3A0E7914}.Release|x64.ActiveCfg = Release|x64
		{62E25FF2-4718-4AE1-B671-AA6B3A0E7914}.Release|x64.Build.0 = Release|x64
		{62E25FF2-4718-4AE1-B671-AA6B3A0E7914}.Release|x86.ActiveCfg = Release|Win32
		{62E25FF2-4718-4AE1-B671-AA6B3A0E7914}.Release|x86.Build.0 = Release|Win32
		{D0DB5E03-5373-441A-BEDB-624A4C0407E4}.Debug|x64.ActiveCfg = Debug|x64
		{D0DB5E03-5373-441A-BEDB-624A4C0407E4}.Debug|x64.Build.0 = Debug|x64
		{D0DB5E03-5373-441A-BEDB-624A4C0407E4}.Debug|x86.ActiveCfg = Debug|Win32
		{D0DB5E03-5373-441A-BEDB-624A4C0407E4}.Debug|x86.Build.0 = Debug|Win32
		{D0DB5E03-5373-441A-BEDB-624A4C0407E4}.Release|x64.ActiveCfg = Release|x64
		{D0DB5E03-5373-441A-BEDB-624A4C0407E4}.Release|x64.Build.0 = Release|x64
		{D0DB5E03-5373-441A-BEDB-624A4C0407E4}.Release|x86.ActiveCfg = Release|Win32
		{D0DB5E03-5373-441A-BEDB-624A4C0407E4}.Release|x86.Build.0 = Release|Win32
		{53B64564-6FE4-4AD0-931D-9C10123CC4E6}.Debug|x64.ActiveCfg = Debug|x64
		{53B64564-6FE4-4AD0-931D-9C10123CC4E6}.Debug|x64.Build.0 = Debug|x64
		{53B64564-6FE4-4AD0-931D-9C10123CC4E6}.Debug|x86.ActiveCfg = Debug|Win32
		{53B64564-6FE4-4AD0-931D-9C10123CC4E6}.Debug|x86.Build.0 = Debug|Win32
		{53B64564-6FE4-4AD0-931D-9C10123CC4E6}.Release|x64.ActiveCfg = Release|x64
		{53B64564-6FE4-4AD0-931D-9C10123CC4E6}.Release|x64.Build.0 = Release|x64
		{53B64564-6FE4-4AD0-931D-9C10123CC4E6}.Release|x86.ActiveCfg = Release|Win32
		{53B64564-6FE4-4AD0-931D-9C10123CC4E6}.Release|x86.Build.0 = Release|Win32
		{5A307546-2AEC-4AB4-A962-00B96CE822FD}.Debug|x64.ActiveCfg = Debug|x64
		{5A307546-2AEC-4AB4-A962-00B96CE822FD}.Debug|x64.Build.0 = Debug|x64
		{5A307546-2AEC-4AB4-A962-00B96CE822FD}.Debug|x86.ActiveCfg = Debug|Win32
		{5A307546-2AEC-4AB4-A962-00B96CE822FD}.Debug|x86.Build.0 = Debug|Win32
		{5A307546-2AEC-4AB4-A962-00B96CE822FD}.Release|x64.ActiveCfg = Release|x64
		{5A307546-2AEC-4AB4-A962-00B96CE822FD}.Release|x64.Build.0 = Release|x64
		{5A307546-2AEC-4AB4-A962-00B96CE822FD}.Release|x86.ActiveCfg = Release|Win32
		{5A307546-2AEC-4AB4-A962-00B96CE822FD}.Release|x86.Build.0 = Release|Win32
		{16A66C90-21F1-40A6-8550-2F7CE8CC49B5}.Debug|x64.ActiveCfg = Debug|x64
		{16A66C90-21F1-40A6-8550-2F7CE8CC49B5}.Debug|x64.Build.0 = Debug|x64
		{16A66C90-21F1-40A6-8550-2F7CE8CC49B5}.Debug|x86.ActiveCfg = Debug|Win32
		{16A66C90-21F1-40A6-8550-2F7CE8CC49B5}.Debug|x86.Build.0 = Debug|Win32
		{16A66C90-21F1-40A6-8550-2F7CE8CC49B5}.Release|x64.ActiveCfg = Release|x64
		{16A66C90-21F1-40A6-8550-2F7CE8CC49B5}.Release|x64.Build.0 = Release|x64
		{16A66C90-21F1-40A6-8550-2F7CE8CC49B5}.Release|x86.ActiveCfg = Release|Win32
		{16A66C90-21F1-40A6-8550-2F7CE8CC49B5}.Release|x86.Build.0 = Release|Win32
		{1C58E9C6-F455-4167-81C8-8358558E028D}.Debug|x64.ActiveCfg = Debug|x64
		{1C58E9C6-F455-4167-81C8-8358558E028D}.Debug|x64.Build.0 = Debug|x64
		{1C58E9C6-F455-4167-81C8-8358558E028D}.Debug|x86.ActiveCfg = Debug|Win32
		{1C58E9C6-F455-4167-81C8-8358558E028D}.Debug|x86.Build.0 = Debug|Win32
		{1C58E9C6-F455-4167-81C8-8358558E028D}.Release|x64.ActiveCfg = Release|x64
		{1C58E9C6-F455-4167-81C8-8358558E028D}.Release|x64.Build.0 = Release|x64
		{1C58E9C6-F455-4167-81C8-8358558E028D}.Release|x86.ActiveCfg = Release|Win32
		{1C58E9C6-F455-4167-81C8-8358558E028D}.Release|x86.Build.0 = Release|Win32
	EndGlobalSection
	GlobalSection(SolutionProperties) = preSolution
		HideSolutionNode = FALSE
	EndGlobalSection
	GlobalSection(NestedProjects) = preSolution
		{C50188C7-0E81-4337-8B60-E13EE6313DDF} = {4C8F0332-CF65-44C0-A3A7-2DCC7CEB9A11}
		{A2C0ABE3-D8CB-4059-8F35-72455D19AACA} = {4C8F0332-CF65-44C0-A3A7-2DCC7CEB9A11}
		{52185DF6-D2B1-41CD-84AE-3C0CD7DD80B4} = {4C8F0332-CF65-44C0-A3A7-2DCC7CEB9A11}
		{03D442C0-94D2-443E-8D67-D3F51ABF5FBA} = {4C8F0332-CF65-44C0-A3A7-2DCC7CEB9A11}
		{02421BF9-F58A-47C9-B673-41AF96794CE6} = {D1D9D495-F9F4-412C-86D0-D6F95F77E52C}
		{E8BE0155-96CA-4050-8F6A-6FC10D162FA8} = {4C8F0332-CF65-44C0-A3A7-2DCC7CEB9A11}
		{AD5E45B3-7EFD-4AEF-854D-1642843CB0E7} = {4C8F0332-CF65-44C0-A3A7-2DCC7CEB9A11}
		{88EF2139-8B58-4220-BB37-403E5BCB8095} = {4C8F0332-CF65-44C0-A3A7-2DCC7CEB9A11}
		{551F9F9C-4251-4B4D-9B2A-188088D5C7D1} = {4C8F0332-CF65-44C0-A3A7-2DCC7CEB9A11}
		{2453D0B7-A396-4592-9625-7C7A29217722} = {4C8F0332-CF65-44C0-A3A7-2DCC7CEB9A11}
		{7065A2B2-B5A9-4D02-9642-FAFA30F66662} = {4C8F0332-CF65-44C0-A3A7-2DCC7CEB9A11}
		{81AA59B7-FB4A-43C3-B5B9-FF94AB09661E} = {4C8F0332-CF65-44C0-A3A7-2DCC7CEB9A11}
		{E3929151-A536-4D0A-AE1A-0094BC89F087} = {4C8F0332-CF65-44C0-A3A7-2DCC7CEB9A11}
		{8160BAD5-0773-4B99-A733-0595A65D991B} = {4C8F0332-CF65-44C0-A3A7-2DCC7CEB9A11}
		{1FDE3B49-8248-49B7-BEBC-2605420FC019} = {4C8F0332-CF65-44C0-A3A7-2DCC7CEB9A11}
		{8276C67C-D3D0-43A8-BBAF-C6BCFF1FB403} = {4C8F0332-CF65-44C0-A3A7-2DCC7CEB9A11}
		{F5228145-F269-4509-8971-96CF010CDD66} = {4C8F0332-CF65-44C0-A3A7-2DCC7CEB9A11}
		{7B40D1E0-74DE-4C29-8B8A-54B82382E1C7} = {4C8F0332-CF65-44C0-A3A7-2DCC7CEB9A11}
		{DE4270D2-84BB-4C75-A26A-95327F2ED85B} = {4C8F0332-CF65-44C0-A3A7-2DCC7CEB9A11}
		{38AD8AA1-5EE5-4185-A371-09A733FEAC18} = {4C8F0332-CF65-44C0-A3A7-2DCC7CEB9A11}
		{B0FCCF7B-78D1-413C-B4D5-4FEE1FBC0844} = {4C8F0332-CF65-44C0-A3A7-2DCC7CEB9A11}
		{45046C1C-A42B-4EEA-9023-4130057A185F} = {4C8F0332-CF65-44C0-A3A7-2DCC7CEB9A11}
		{55A6FEA4-13D1-45E7-BAAE-9D29B965F096} = {4C8F0332-CF65-44C0-A3A7-2DCC7CEB9A11}
		{100E318B-639D-4DF2-8180-39C758EA8CE0} = {D1D9D495-F9F4-412C-86D0-D6F95F77E52C}
		{A0804F3B-545A-444C-A19A-0FB6037EF22F} = {D1D9D495-F9F4-412C-86D0-D6F95F77E52C}
		{5654FB57-6959-4203-B92F-EF77F06AB045} = {6BD978FA-A9DF-46E3-AAF4-D4A1D5A87A47}
		{3E003891-F6EF-41FE-BAE3-E8E43B2715F3} = {6BD978FA-A9DF-46E3-AAF4-D4A1D5A87A47}
		{A7D3C855-4CD3-42B4-84CC-93A6B1B54C82} = {6BD978FA-A9DF-46E3-AAF4-D4A1D5A87A47}
		{29BA7C3F-1922-4573-BC3A-49272E4DAC22} = {6BD978FA-A9DF-46E3-AAF4-D4A1D5A87A47}
		{3ED216D4-1D18-4610-AC6E-3343C8535124} = {6BD978FA-A9DF-46E3-AAF4-D4A1D5A87A47}
		{2A55A140-FFD7-430D-987E-65D00F3A1B89} = {6BD978FA-A9DF-46E3-AAF4-D4A1D5A87A47}
		{94473CE9-6340-48DD-A402-1DD65C76CC6E} = {6BD978FA-A9DF-46E3-AAF4-D4A1D5A87A47}
		{7A6AAA21-4E97-4BE1-8C7F-CDF7ABF3B323} = {6BD978FA-A9DF-46E3-AAF4-D4A1D5A87A47}
		{184106D7-FF8F-4C77-8F2D-52DAE6400F25} = {6BD978FA-A9DF-46E3-AAF4-D4A1D5A87A47}
		{5E4EB4EE-AEC1-4761-866C-7671DF3778F3} = {D1D9D495-F9F4-412C-86D0-D6F95F77E52C}
		{60583BD9-7B42-4E05-8071-321823E787FA} = {D1D9D495-F9F4-412C-86D0-D6F95F77E52C}
		{5A87683B-EA05-4E84-AA1B-CA9074A78DED} = {81260CB2-BCD4-4CC6-8408-C9E150842626}
		{FF017658-8A9C-482E-95A7-F1D77CA80652} = {81260CB2-BCD4-4CC6-8408-C9E150842626}
		{1C930D61-22D9-4D05-829F-36B72D4B9D5B} = {81260CB2-BCD4-4CC6-8408-C9E150842626}
		{5C4B55F5-A356-40D6-8FC9-1F59C9F6DBB2} = {81260CB2-BCD4-4CC6-8408-C9E150842626}
		{10812F42-0D20-4500-922C-27E6B6E8FA00} = {81260CB2-BCD4-4CC6-8408-C9E150842626}
		{2E6E90D5-EA43-45D9-B36E-DFBC8EC5E101} = {81260CB2-BCD4-4CC6-8408-C9E150842626}
		{D38022C8-220A-4AC6-82AA-792D4476CD00} = {81260CB2-BCD4-4CC6-8408-C9E150842626}
		{9170287B-FE5D-4041-A14F-6301DAACFBE4} = {81260CB2-BCD4-4CC6-8408-C9E150842626}
		{A9E39625-832C-428A-B6E6-347185C1E865} = {81260CB2-BCD4-4CC6-8408-C9E150842626}
		{E1B5DA78-706C-4017-84EB-EADB7DF81D19} = {81260CB2-BCD4-4CC6-8408-C9E150842626}
		{F92E3393-6C8C-4DFC-94E8-44A1751F7182} = {81260CB2-BCD4-4CC6-8408-C9E150842626}
		{0A132B52-2AE9-4D46-B6BF-ED51E7028676} = {81260CB2-BCD4-4CC6-8408-C9E150842626}
		{62E25FF2-4718-4AE1-B671-AA6B3A0E7914} = {81260CB2-BCD4-4CC6-8408-C9E150842626}
		{D0DB5E03-5373-441A-BEDB-624A4C0407E4} = {81260CB2-BCD4-4CC6-8408-C9E150842626}
		{53B64564-6FE4-4AD0-931D-9C10123CC4E6} = {52B7F4AB-C6A4-4C06-8BDE-CF2611ED43AA}
		{5A307546-2AEC-4AB4-A962-00B96CE822FD} = {52B7F4AB-C6A4-4C06-8BDE-CF2611ED43AA}
		{16A66C90-21F1-40A6-8550-2F7CE8CC49B5} = {52B7F4AB-C6A4-4C06-8BDE-CF2611ED43AA}
		{1C58E9C6-F455-4167-81C8-8358558E028D} = {52B7F4AB-C6A4-4C06-8BDE-CF2611ED43AA}
	EndGlobalSection
	GlobalSection(ExtensibilityGlobals) = postSolution
		SolutionGuid = {6458B8B6-F4D6-46AB-AD5E-D6825784B3A7}
	EndGlobalSection
EndGlobal
